
Microsoft Visual Studio Solution File, Format Version 12.00
# Visual Studio Version 16
VisualStudioVersion = 16.0.29424.173
MinimumVisualStudioVersion = 10.0.40219.1
Project("{FAE04EC0-301F-11D3-BF4B-00C04F79EFBC}") = "sas.api", "sas.api\sas.api.csproj", "{3E300A01-55B5-42B9-89BC-10709367AA1B}"
EndProject
Project("{2150E333-8FDC-42A3-9474-1A3956D46DE8}") = "Applications", "Applications", "{528084B1-C09D-43FA-84F8-5D8DC8AF486F}"
EndProject
Project("{2150E333-8FDC-42A3-9474-1A3956D46DE8}") = "Shared", "Shared", "{2A1C3AED-EFB2-4DF6-A614-13C467168B34}"
EndProject
Project("{FAE04EC0-301F-11D3-BF4B-00C04F79EFBC}") = "sas.Core", "sas.Core\sas.Core.csproj", "{636C3E70-5A1B-40AC-8293-DA18E56EC27F}"
EndProject
Project("{FAE04EC0-301F-11D3-BF4B-00C04F79EFBC}") = "sas.Domain.Abstractions", "sas.Domain.Abstractions\sas.Domain.Abstractions.csproj", "{2A6A12FC-CA29-4376-BD20-8C210AB80C5A}"
EndProject
Project("{FAE04EC0-301F-11D3-BF4B-00C04F79EFBC}") = "sas.Infrastructure.Core", "sas.Infrastructure.Core\sas.Infrastructure.Core.csproj", "{9E5A02E5-4E3E-42FB-90D6-386FA2DA0CE0}"
EndProject
Global
	GlobalSection(SolutionConfigurationPlatforms) = preSolution
		Debug|Any CPU = Debug|Any CPU
		Release|Any CPU = Release|Any CPU
	EndGlobalSection
	GlobalSection(ProjectConfigurationPlatforms) = postSolution
		{3E300A01-55B5-42B9-89BC-10709367AA1B}.Debug|Any CPU.ActiveCfg = Debug|Any CPU
		{3E300A01-55B5-42B9-89BC-10709367AA1B}.Debug|Any CPU.Build.0 = Debug|Any CPU
		{3E300A01-55B5-42B9-89BC-10709367AA1B}.Release|Any CPU.ActiveCfg = Release|Any CPU
		{3E300A01-55B5-42B9-89BC-10709367AA1B}.Release|Any CPU.Build.0 = Release|Any CPU
		{636C3E70-5A1B-40AC-8293-DA18E56EC27F}.Debug|Any CPU.ActiveCfg = Debug|Any CPU
		{636C3E70-5A1B-40AC-8293-DA18E56EC27F}.Debug|Any CPU.Build.0 = Debug|Any CPU
		{636C3E70-5A1B-40AC-8293-DA18E56EC27F}.Release|Any CPU.ActiveCfg = Release|Any CPU
		{636C3E70-5A1B-40AC-8293-DA18E56EC27F}.Release|Any CPU.Build.0 = Release|Any CPU
		{2A6A12FC-CA29-4376-BD20-8C210AB80C5A}.Debug|Any CPU.ActiveCfg = Debug|Any CPU
		{2A6A12FC-CA29-4376-BD20-8C210AB80C5A}.Debug|Any CPU.Build.0 = Debug|Any CPU
		{2A6A12FC-CA29-4376-BD20-8C210AB80C5A}.Release|Any CPU.ActiveCfg = Release|Any CPU
		{2A6A12FC-CA29-4376-BD20-8C210AB80C5A}.Release|Any CPU.Build.0 = Release|Any CPU
		{9E5A02E5-4E3E-42FB-90D6-386FA2DA0CE0}.Debug|Any CPU.ActiveCfg = Debug|Any CPU
		{9E5A02E5-4E3E-42FB-90D6-386FA2DA0CE0}.Debug|Any CPU.Build.0 = Debug|Any CPU
		{9E5A02E5-4E3E-42FB-90D6-386FA2DA0CE0}.Release|Any CPU.ActiveCfg = Release|Any CPU
		{9E5A02E5-4E3E-42FB-90D6-386FA2DA0CE0}.Release|Any CPU.Build.0 = Release|Any CPU
	EndGlobalSection
	GlobalSection(SolutionProperties) = preSolution
		HideSolutionNode = FALSE
	EndGlobalSection
	GlobalSection(NestedProjects) = preSolution
		{3E300A01-55B5-42B9-89BC-10709367AA1B} = {528084B1-C09D-43FA-84F8-5D8DC8AF486F}
		{636C3E70-5A1B-40AC-8293-DA18E56EC27F} = {2A1C3AED-EFB2-4DF6-A614-13C467168B34}
		{2A6A12FC-CA29-4376-BD20-8C210AB80C5A} = {2A1C3AED-EFB2-4DF6-A614-13C467168B34}
		{9E5A02E5-4E3E-42FB-90D6-386FA2DA0CE0} = {2A1C3AED-EFB2-4DF6-A614-13C467168B34}
	EndGlobalSection
	GlobalSection(ExtensibilityGlobals) = postSolution
		SolutionGuid = {B2548064-AB39-427E-AF5F-14AC5B1091BF}
	EndGlobalSection
EndGlobal
